
Microsoft Visual Studio Solution File, Format Version 12.00
# Visual Studio Version 17
VisualStudioVersion = 17.2.32602.215
MinimumVisualStudioVersion = 10.0.40219.1
Project("{8BC9CEB8-8B4A-11D0-8D11-00A0C91BC942}") = "Bubblesort", "Bubblesort\Bubblesort.vcxproj", "{8CC50F7F-78ED-4D20-AB3F-0974601C0D7D}"
EndProject
Global
	GlobalSection(SolutionConfigurationPlatforms) = preSolution
		Debug|x64 = Debug|x64
		Debug|x86 = Debug|x86
		Release|x64 = Release|x64
		Release|x86 = Release|x86
	EndGlobalSection
	GlobalSection(ProjectConfigurationPlatforms) = postSolution
		{8CC50F7F-78ED-4D20-AB3F-0974601C0D7D}.Debug|x64.ActiveCfg = Debug|x64
		{8CC50F7F-78ED-4D20-AB3F-0974601C0D7D}.Debug|x64.Build.0 = Debug|x64
		{8CC50F7F-78ED-4D20-AB3F-0974601C0D7D}.Debug|x86.ActiveCfg = Debug|Win32
		{8CC50F7F-78ED-4D20-AB3F-0974601C0D7D}.Debug|x86.Build.0 = Debug|Win32
		{8CC50F7F-78ED-4D20-AB3F-0974601C0D7D}.Release|x64.ActiveCfg = Release|x64
		{8CC50F7F-78ED-4D20-AB3F-0974601C0D7D}.Release|x64.Build.0 = Release|x64
		{8CC50F7F-78ED-4D20-AB3F-0974601C0D7D}.Release|x86.ActiveCfg = Release|Win32
		{8CC50F7F-78ED-4D20-AB3F-0974601C0D7D}.Release|x86.Build.0 = Release|Win32
	EndGlobalSection
	GlobalSection(SolutionProperties) = preSolution
		HideSolutionNode = FALSE
	EndGlobalSection
	GlobalSection(ExtensibilityGlobals) = postSolution
		SolutionGuid = {9CD783A4-0525-4EF4-87AD-117C3B4526B7}
	EndGlobalSection
EndGlobal
